<?xml version="1.0" encoding="utf-8"?>
<Project ToolsVersion="4.0" xmlns="http://schemas.microsoft.com/developer/msbuild/2003">
  <ItemGroup>
    <Filter Include="Headers">
      <UniqueIdentifier>{93995380-89BD-4b04-88EB-625FBE52EBFB}</UniqueIdentifier>
      <Extensions>h;hpp;hxx;hm;inl;inc;xsd</Extensions>
    </Filter>
    <Filter Include="Source">
      <UniqueIdentifier>{4FC737F1-C7A5-4376-A066-2A32D752A2FF}</UniqueIdentifier>
      <Extensions>cpp;c;cc;cxx;def;odl;idl;hpj;bat;asm;asmx</Extensions>
    </Filter>
    <Filter Include="Headers\Interfaces">
      <UniqueIdentifier>{e607f7ba-c7e1-4cdd-90e1-bec8a3f4b616}</UniqueIdentifier>
    </Filter>
  </ItemGroup>
  <ItemGroup>
    <ClInclude Include="src\Renderer.h">
      <Filter>Headers</Filter>
    </ClInclude>
    <ClInclude Include="src\Scene.h">
      <Filter>Headers</Filter>
    </ClInclude>
    <ClInclude Include="src\IScene.h">
      <Filter>Headers\Interfaces</Filter>
    </ClInclude>
    <ClInclude Include="src\IRenderer.h">
      <Filter>Headers\Interfaces</Filter>
    </ClInclude>
    <ClInclude Include="src\Entity.h">
      <Filter>Headers</Filter>
    </ClInclude>
    <ClInclude Include="src\TextureCacher.h">
      <Filter>Headers</Filter>
    </ClInclude>
    <ClInclude Include="src\Console.h">
      <Filter>Headers</Filter>
    </ClInclude>
    <ClInclude Include="src\Projectile.h">
      <Filter>Headers</Filter>
    </ClInclude>
    <ClInclude Include="src\Ship.h">
      <Filter>Headers</Filter>
    </ClInclude>
    <ClInclude Include="src\SpaceInvadersScene.h">
      <Filter>Headers</Filter>
    </ClInclude>
    <ClInclude Include="src\Weapon.h">
      <Filter>Headers</Filter>
    </ClInclude>
    <ClInclude Include="src\ProjectileWeapon.h">
      <Filter>Headers</Filter>
    </ClInclude>
    <ClInclude Include="src\Handle.h">
      <Filter>Headers</Filter>
    </ClInclude>
    <ClInclude Include="src\IUserInterface.h">
      <Filter>Headers\Interfaces</Filter>
    </ClInclude>
    <ClInclude Include="src\AlienShip.h">
      <Filter>Headers</Filter>
    </ClInclude>
    <ClInclude Include="src\PlayerShip.h">
      <Filter>Headers</Filter>
    </ClInclude>
    <ClInclude Include="src\SpaceInvadersUI.h">
      <Filter>Headers</Filter>
    </ClInclude>
    <ClInclude Include="src\UserInterface.h">
      <Filter>Headers</Filter>
    </ClInclude>
  </ItemGroup>
  <ItemGroup>
    <ClCompile Include="src\Game.cpp">
      <Filter>Source</Filter>
    </ClCompile>
    <ClCompile Include="src\Renderer.cpp">
      <Filter>Source</Filter>
    </ClCompile>
    <ClCompile Include="src\Scene.cpp">
      <Filter>Source</Filter>
    </ClCompile>
    <ClCompile Include="src\Entity.cpp">
      <Filter>Source</Filter>
    </ClCompile>
    <ClCompile Include="src\TextureCacher.cpp">
      <Filter>Source</Filter>
    </ClCompile>
    <ClCompile Include="src\Console.cpp">
      <Filter>Source</Filter>
    </ClCompile>
    <ClCompile Include="src\Projectile.cpp">
      <Filter>Source</Filter>
    </ClCompile>
    <ClCompile Include="src\Ship.cpp">
      <Filter>Source</Filter>
    </ClCompile>
    <ClCompile Include="src\SpaceInvadersScene.cpp">
      <Filter>Source</Filter>
    </ClCompile>
    <ClCompile Include="src\Weapon.cpp">
      <Filter>Source</Filter>
    </ClCompile>
    <ClCompile Include="src\ProjectileWeapon.cpp">
      <Filter>Source</Filter>
    </ClCompile>
    <ClCompile Include="src\AlienShip.cpp">
      <Filter>Source</Filter>
    </ClCompile>
    <ClCompile Include="src\PlayerShip.cpp">
      <Filter>Source</Filter>
    </ClCompile>
    <ClCompile Include="src\SpaceInvadersUI.cpp">
      <Filter>Source</Filter>
    </ClCompile>
    <ClCompile Include="src\UserInterface.cpp">
      <Filter>Source</Filter>
    </ClCompile>
  </ItemGroup>
</Project>